
Microsoft Visual Studio Solution File, Format Version 12.00
# Visual Studio Version 17
VisualStudioVersion = 17.9.34616.47
MinimumVisualStudioVersion = 10.0.40219.1
Project("{9A19103F-16F7-4668-BE54-9A1E7A4F7556}") = "WebApplicationInventory", "WebApplicationInventory\WebApplicationInventory.csproj", "{79425BB0-B62B-4333-A9C6-638300EE516E}"
EndProject
Project("{FAE04EC0-301F-11D3-BF4B-00C04F79EFBC}") = "TestProject1", "TestProject1\TestProject1.csproj", "{0755EA2F-CC63-4E48-92FF-31135CC8DE2E}"
EndProject
Global
	GlobalSection(SolutionConfigurationPlatforms) = preSolution
		Debug|Any CPU = Debug|Any CPU
		Release|Any CPU = Release|Any CPU
	EndGlobalSection
	GlobalSection(ProjectConfigurationPlatforms) = postSolution
		{79425BB0-B62B-4333-A9C6-638300EE516E}.Debug|Any CPU.ActiveCfg = Debug|Any CPU
		{79425BB0-B62B-4333-A9C6-638300EE516E}.Debug|Any CPU.Build.0 = Debug|Any CPU
		{79425BB0-B62B-4333-A9C6-638300EE516E}.Release|Any CPU.ActiveCfg = Release|Any CPU
		{79425BB0-B62B-4333-A9C6-638300EE516E}.Release|Any CPU.Build.0 = Release|Any CPU
		{0755EA2F-CC63-4E48-92FF-31135CC8DE2E}.Debug|Any CPU.ActiveCfg = Debug|Any CPU
		{0755EA2F-CC63-4E48-92FF-31135CC8DE2E}.Debug|Any CPU.Build.0 = Debug|Any CPU
		{0755EA2F-CC63-4E48-92FF-31135CC8DE2E}.Release|Any CPU.ActiveCfg = Release|Any CPU
		{0755EA2F-CC63-4E48-92FF-31135CC8DE2E}.Release|Any CPU.Build.0 = Release|Any CPU
	EndGlobalSection
	GlobalSection(SolutionProperties) = preSolution
		HideSolutionNode = FALSE
	EndGlobalSection
	GlobalSection(ExtensibilityGlobals) = postSolution
		SolutionGuid = {0192A3BE-0B9B-4E58-B734-DF47399B9760}
	EndGlobalSection
EndGlobal
